
Microsoft Visual Studio Solution File, Format Version 12.00
# Visual Studio Version 16
VisualStudioVersion = 16.0.29230.47
MinimumVisualStudioVersion = 10.0.40219.1
Project("{FAE04EC0-301F-11D3-BF4B-00C04F79EFBC}") = "Exe_fixação", "Exe_fixação.csproj", "{368B1256-6B06-459A-80AD-D69B03E3BD20}"
EndProject
Global
	GlobalSection(SolutionConfigurationPlatforms) = preSolution
		Debug|Any CPU = Debug|Any CPU
		Release|Any CPU = Release|Any CPU
	EndGlobalSection
	GlobalSection(ProjectConfigurationPlatforms) = postSolution
		{368B1256-6B06-459A-80AD-D69B03E3BD20}.Debug|Any CPU.ActiveCfg = Debug|Any CPU
		{368B1256-6B06-459A-80AD-D69B03E3BD20}.Debug|Any CPU.Build.0 = Debug|Any CPU
		{368B1256-6B06-459A-80AD-D69B03E3BD20}.Release|Any CPU.ActiveCfg = Release|Any CPU
		{368B1256-6B06-459A-80AD-D69B03E3BD20}.Release|Any CPU.Build.0 = Release|Any CPU
	EndGlobalSection
	GlobalSection(SolutionProperties) = preSolution
		HideSolutionNode = FALSE
	EndGlobalSection
	GlobalSection(ExtensibilityGlobals) = postSolution
		SolutionGuid = {AA81F114-9B75-41C8-8E91-B9F407572EA5}
	EndGlobalSection
EndGlobal
