
Microsoft Visual Studio Solution File, Format Version 12.00
# Visual Studio Version 16
VisualStudioVersion = 16.0.29230.47
MinimumVisualStudioVersion = 10.0.40219.1
Project("{FAE04EC0-301F-11D3-BF4B-00C04F79EFBC}") = "Exe_EntradaDados", "Exe_EntradaDados.csproj", "{8CEAA092-607D-466B-BA3A-DF58488F7CAA}"
EndProject
Global
	GlobalSection(SolutionConfigurationPlatforms) = preSolution
		Debug|Any CPU = Debug|Any CPU
		Release|Any CPU = Release|Any CPU
	EndGlobalSection
	GlobalSection(ProjectConfigurationPlatforms) = postSolution
		{8CEAA092-607D-466B-BA3A-DF58488F7CAA}.Debug|Any CPU.ActiveCfg = Debug|Any CPU
		{8CEAA092-607D-466B-BA3A-DF58488F7CAA}.Debug|Any CPU.Build.0 = Debug|Any CPU
		{8CEAA092-607D-466B-BA3A-DF58488F7CAA}.Release|Any CPU.ActiveCfg = Release|Any CPU
		{8CEAA092-607D-466B-BA3A-DF58488F7CAA}.Release|Any CPU.Build.0 = Release|Any CPU
	EndGlobalSection
	GlobalSection(SolutionProperties) = preSolution
		HideSolutionNode = FALSE
	EndGlobalSection
	GlobalSection(ExtensibilityGlobals) = postSolution
		SolutionGuid = {275E1F01-DE66-4595-9292-307E54097CE1}
	EndGlobalSection
EndGlobal
