
Microsoft Visual Studio Solution File, Format Version 12.00
# Visual Studio 15
VisualStudioVersion = 15.0.28307.779
MinimumVisualStudioVersion = 10.0.40219.1
Project("{FAE04EC0-301F-11D3-BF4B-00C04F79EFBC}") = "Exe_02", "Exe_02\Exe_02.csproj", "{668D125E-8200-4065-AD7B-E29E72491C6A}"
EndProject
Global
	GlobalSection(SolutionConfigurationPlatforms) = preSolution
		Debug|Any CPU = Debug|Any CPU
		Release|Any CPU = Release|Any CPU
	EndGlobalSection
	GlobalSection(ProjectConfigurationPlatforms) = postSolution
		{668D125E-8200-4065-AD7B-E29E72491C6A}.Debug|Any CPU.ActiveCfg = Debug|Any CPU
		{668D125E-8200-4065-AD7B-E29E72491C6A}.Debug|Any CPU.Build.0 = Debug|Any CPU
		{668D125E-8200-4065-AD7B-E29E72491C6A}.Release|Any CPU.ActiveCfg = Release|Any CPU
		{668D125E-8200-4065-AD7B-E29E72491C6A}.Release|Any CPU.Build.0 = Release|Any CPU
	EndGlobalSection
	GlobalSection(SolutionProperties) = preSolution
		HideSolutionNode = FALSE
	EndGlobalSection
	GlobalSection(ExtensibilityGlobals) = postSolution
		SolutionGuid = {7A9BE18C-31C9-4768-B183-07EB20E0BF59}
	EndGlobalSection
EndGlobal
