
Microsoft Visual Studio Solution File, Format Version 12.00
# Visual Studio 15
VisualStudioVersion = 15.0.28307.852
MinimumVisualStudioVersion = 10.0.40219.1
Project("{FAE04EC0-301F-11D3-BF4B-00C04F79EFBC}") = "Problema2", "Problema2\Problema2.csproj", "{DB60F9F8-FAAD-4366-9CA4-FE3D8F0EF43C}"
EndProject
Global
	GlobalSection(SolutionConfigurationPlatforms) = preSolution
		Debug|Any CPU = Debug|Any CPU
		Release|Any CPU = Release|Any CPU
	EndGlobalSection
	GlobalSection(ProjectConfigurationPlatforms) = postSolution
		{DB60F9F8-FAAD-4366-9CA4-FE3D8F0EF43C}.Debug|Any CPU.ActiveCfg = Debug|Any CPU
		{DB60F9F8-FAAD-4366-9CA4-FE3D8F0EF43C}.Debug|Any CPU.Build.0 = Debug|Any CPU
		{DB60F9F8-FAAD-4366-9CA4-FE3D8F0EF43C}.Release|Any CPU.ActiveCfg = Release|Any CPU
		{DB60F9F8-FAAD-4366-9CA4-FE3D8F0EF43C}.Release|Any CPU.Build.0 = Release|Any CPU
	EndGlobalSection
	GlobalSection(SolutionProperties) = preSolution
		HideSolutionNode = FALSE
	EndGlobalSection
	GlobalSection(ExtensibilityGlobals) = postSolution
		SolutionGuid = {63A49197-C63E-4FA8-A7E1-91E3FF940E87}
	EndGlobalSection
EndGlobal
